
Microsoft Visual Studio Solution File, Format Version 12.00
# Visual Studio 2012
Project("{FAE04EC0-301F-11D3-BF4B-00C04F79EFBC}") = "AppRojoVerdeAzul", "AppRojoVerdeAzul\AppRojoVerdeAzul.csproj", "{030A996B-1F17-42F5-9F59-DD0C595E567B}"
EndProject
Global
	GlobalSection(SolutionConfigurationPlatforms) = preSolution
		Debug|Any CPU = Debug|Any CPU
		Release|Any CPU = Release|Any CPU
	EndGlobalSection
	GlobalSection(ProjectConfigurationPlatforms) = postSolution
		{030A996B-1F17-42F5-9F59-DD0C595E567B}.Debug|Any CPU.ActiveCfg = Debug|Any CPU
		{030A996B-1F17-42F5-9F59-DD0C595E567B}.Debug|Any CPU.Build.0 = Debug|Any CPU
		{030A996B-1F17-42F5-9F59-DD0C595E567B}.Release|Any CPU.ActiveCfg = Release|Any CPU
		{030A996B-1F17-42F5-9F59-DD0C595E567B}.Release|Any CPU.Build.0 = Release|Any CPU
	EndGlobalSection
	GlobalSection(SolutionProperties) = preSolution
		HideSolutionNode = FALSE
	EndGlobalSection
EndGlobal
